
Microsoft Visual Studio Solution File, Format Version 12.00
# Visual Studio Version 16
VisualStudioVersion = 16.0.31321.278
MinimumVisualStudioVersion = 10.0.40219.1
Project("{9A19103F-16F7-4668-BE54-9A1E7A4F7556}") = "Presentation", "NtierProject\Presentation.csproj", "{D24DD16E-FA75-4084-BC8D-54D9973ACA87}"
EndProject
Project("{9A19103F-16F7-4668-BE54-9A1E7A4F7556}") = "Business", "Business\Business.csproj", "{334148AE-2475-47EC-8424-3434DD151681}"
EndProject
Project("{9A19103F-16F7-4668-BE54-9A1E7A4F7556}") = "Data", "Data\Data.csproj", "{3CBC9F6E-07B9-415D-B81C-B0EC48C3D943}"
EndProject
Project("{9A19103F-16F7-4668-BE54-9A1E7A4F7556}") = "DataAccess", "DataAccess\DataAccess.csproj", "{2088F7C6-A81A-4287-8CFF-8E293D2ECAC1}"
EndProject
Global
	GlobalSection(SolutionConfigurationPlatforms) = preSolution
		Debug|Any CPU = Debug|Any CPU
		Release|Any CPU = Release|Any CPU
	EndGlobalSection
	GlobalSection(ProjectConfigurationPlatforms) = postSolution
		{D24DD16E-FA75-4084-BC8D-54D9973ACA87}.Debug|Any CPU.ActiveCfg = Debug|Any CPU
		{D24DD16E-FA75-4084-BC8D-54D9973ACA87}.Debug|Any CPU.Build.0 = Debug|Any CPU
		{D24DD16E-FA75-4084-BC8D-54D9973ACA87}.Release|Any CPU.ActiveCfg = Release|Any CPU
		{D24DD16E-FA75-4084-BC8D-54D9973ACA87}.Release|Any CPU.Build.0 = Release|Any CPU
		{334148AE-2475-47EC-8424-3434DD151681}.Debug|Any CPU.ActiveCfg = Debug|Any CPU
		{334148AE-2475-47EC-8424-3434DD151681}.Debug|Any CPU.Build.0 = Debug|Any CPU
		{334148AE-2475-47EC-8424-3434DD151681}.Release|Any CPU.ActiveCfg = Release|Any CPU
		{334148AE-2475-47EC-8424-3434DD151681}.Release|Any CPU.Build.0 = Release|Any CPU
		{3CBC9F6E-07B9-415D-B81C-B0EC48C3D943}.Debug|Any CPU.ActiveCfg = Debug|Any CPU
		{3CBC9F6E-07B9-415D-B81C-B0EC48C3D943}.Debug|Any CPU.Build.0 = Debug|Any CPU
		{3CBC9F6E-07B9-415D-B81C-B0EC48C3D943}.Release|Any CPU.ActiveCfg = Release|Any CPU
		{3CBC9F6E-07B9-415D-B81C-B0EC48C3D943}.Release|Any CPU.Build.0 = Release|Any CPU
		{2088F7C6-A81A-4287-8CFF-8E293D2ECAC1}.Debug|Any CPU.ActiveCfg = Debug|Any CPU
		{2088F7C6-A81A-4287-8CFF-8E293D2ECAC1}.Debug|Any CPU.Build.0 = Debug|Any CPU
		{2088F7C6-A81A-4287-8CFF-8E293D2ECAC1}.Release|Any CPU.ActiveCfg = Release|Any CPU
		{2088F7C6-A81A-4287-8CFF-8E293D2ECAC1}.Release|Any CPU.Build.0 = Release|Any CPU
	EndGlobalSection
	GlobalSection(SolutionProperties) = preSolution
		HideSolutionNode = FALSE
	EndGlobalSection
	GlobalSection(ExtensibilityGlobals) = postSolution
		SolutionGuid = {797A74E0-F8F2-4619-8261-0033BEDEB009}
	EndGlobalSection
EndGlobal
